// !$*UTF8*$!
{
	archiveVersion = 1;
	classes = {
	};
	objectVersion = 56;
	objects = {

/* Begin PBXBuildFile section */
		D825C29B2994B1F200451898 /* SampleAppsApp.swift in Sources */ = {isa = PBXBuildFile; fileRef = D825C29A2994B1F200451898 /* SampleAppsApp.swift */; };
		D825C29D2994B1F200451898 /* AboutMeContentView.swift in Sources */ = {isa = PBXBuildFile; fileRef = D825C29C2994B1F200451898 /* AboutMeContentView.swift */; };
		D825C29F2994B1F300451898 /* Assets.xcassets in Resources */ = {isa = PBXBuildFile; fileRef = D825C29E2994B1F300451898 /* Assets.xcassets */; };
		D825C2A22994B1F300451898 /* Preview Assets.xcassets in Resources */ = {isa = PBXBuildFile; fileRef = D825C2A12994B1F300451898 /* Preview Assets.xcassets */; };
		D825C2B92994D12B00451898 /* AboutMeInfo.swift in Sources */ = {isa = PBXBuildFile; fileRef = D825C2B42994D12B00451898 /* AboutMeInfo.swift */; };
		D825C2BA2994D12B00451898 /* FavoritesView.swift in Sources */ = {isa = PBXBuildFile; fileRef = D825C2B52994D12B00451898 /* FavoritesView.swift */; };
		D825C2BB2994D12B00451898 /* FunFactsView.swift in Sources */ = {isa = PBXBuildFile; fileRef = D825C2B62994D12B00451898 /* FunFactsView.swift */; };
		D825C2BC2994D12B00451898 /* HomeView.swift in Sources */ = {isa = PBXBuildFile; fileRef = D825C2B72994D12B00451898 /* HomeView.swift */; };
		D825C2BD2994D12B00451898 /* StoryView.swift in Sources */ = {isa = PBXBuildFile; fileRef = D825C2B82994D12B00451898 /* StoryView.swift */; };
		D825C2C02994D40600451898 /* MyStoryContentView.swift in Sources */ = {isa = PBXBuildFile; fileRef = D825C2BF2994D40600451898 /* MyStoryContentView.swift */; };
		D825C2C22994D5AE00451898 /* MyStory.swift in Sources */ = {isa = PBXBuildFile; fileRef = D825C2C12994D5AE00451898 /* MyStory.swift */; };
		D825C2C42994D82100451898 /* Story.swift in Sources */ = {isa = PBXBuildFile; fileRef = D825C2C32994D82100451898 /* Story.swift */; };
		D825C2C82994DDF000451898 /* StoryPageView.swift in Sources */ = {isa = PBXBuildFile; fileRef = D825C2C72994DDF000451898 /* StoryPageView.swift */; };
		D825C2CB299543BF00451898 /* DatePlannerContentView.swift in Sources */ = {isa = PBXBuildFile; fileRef = D825C2CA299543BF00451898 /* DatePlannerContentView.swift */; };
		D825C2CD29954C5D00451898 /* Event.swift in Sources */ = {isa = PBXBuildFile; fileRef = D825C2CC29954C5D00451898 /* Event.swift */; };
		D825C2CF299551B200451898 /* EventTask.swift in Sources */ = {isa = PBXBuildFile; fileRef = D825C2CE299551B200451898 /* EventTask.swift */; };
		D825C2D1299553C200451898 /* EventData.swift in Sources */ = {isa = PBXBuildFile; fileRef = D825C2D0299553C200451898 /* EventData.swift */; };
		D825C2D329955AC700451898 /* EventListView.swift in Sources */ = {isa = PBXBuildFile; fileRef = D825C2D229955AC700451898 /* EventListView.swift */; };
		D825C2D629955B2300451898 /* ColorOption.swift in Sources */ = {isa = PBXBuildFile; fileRef = D825C2D429955B2200451898 /* ColorOption.swift */; };
		D825C2D729955B2300451898 /* EventSymbols.swift in Sources */ = {isa = PBXBuildFile; fileRef = D825C2D529955B2300451898 /* EventSymbols.swift */; };
		D825C2D929955C0300451898 /* EventEditor.swift in Sources */ = {isa = PBXBuildFile; fileRef = D825C2D829955C0300451898 /* EventEditor.swift */; };
		D825C2DB29955C1700451898 /* EventDetail.swift in Sources */ = {isa = PBXBuildFile; fileRef = D825C2DA29955C1700451898 /* EventDetail.swift */; };
		D825C2DD29955C3400451898 /* EventRow.swift in Sources */ = {isa = PBXBuildFile; fileRef = D825C2DC29955C3400451898 /* EventRow.swift */; };
		D825C2DF29955C4800451898 /* SFSymbolStyling.swift in Sources */ = {isa = PBXBuildFile; fileRef = D825C2DE29955C4800451898 /* SFSymbolStyling.swift */; };
		D825C2E129955C6500451898 /* TaskRow.swift in Sources */ = {isa = PBXBuildFile; fileRef = D825C2E029955C6500451898 /* TaskRow.swift */; };
		D825C2E329955C6C00451898 /* EventSymbolPicker.swift in Sources */ = {isa = PBXBuildFile; fileRef = D825C2E229955C6C00451898 /* EventSymbolPicker.swift */; };
		D825C2E629960E9A00451898 /* ColorGridContentView.swift in Sources */ = {isa = PBXBuildFile; fileRef = D825C2E529960E9A00451898 /* ColorGridContentView.swift */; };
		D825C2E929961A8A00451898 /* SymbolGridContentView.swift in Sources */ = {isa = PBXBuildFile; fileRef = D825C2E829961A8A00451898 /* SymbolGridContentView.swift */; };
		D825C2EB29961ACB00451898 /* SymbolGrid.swift in Sources */ = {isa = PBXBuildFile; fileRef = D825C2EA29961ACB00451898 /* SymbolGrid.swift */; };
		D825C2ED29961C6100451898 /* Symbol.swift in Sources */ = {isa = PBXBuildFile; fileRef = D825C2EC29961C6100451898 /* Symbol.swift */; };
		D825C2EF29961E5000451898 /* SymbolDetail.swift in Sources */ = {isa = PBXBuildFile; fileRef = D825C2EE29961E5000451898 /* SymbolDetail.swift */; };
		D825C2F5299625BC00451898 /* SymbolPicker.swift in Sources */ = {isa = PBXBuildFile; fileRef = D825C2F4299625BC00451898 /* SymbolPicker.swift */; };
		D825C2F82997749500451898 /* ImageGalleryContentView.swift in Sources */ = {isa = PBXBuildFile; fileRef = D825C2F72997749500451898 /* ImageGalleryContentView.swift */; };
		D825C2FA299777CD00451898 /* ImageItem.swift in Sources */ = {isa = PBXBuildFile; fileRef = D825C2F9299777CD00451898 /* ImageItem.swift */; };
		D825C2FC299778E300451898 /* ImageData.swift in Sources */ = {isa = PBXBuildFile; fileRef = D825C2FB299778E300451898 /* ImageData.swift */; };
		D825C2FE29977CB700451898 /* FileManagerExtensions.swift in Sources */ = {isa = PBXBuildFile; fileRef = D825C2FD29977CB700451898 /* FileManagerExtensions.swift */; };
		D825C30029977F9B00451898 /* ImageGridView.swift in Sources */ = {isa = PBXBuildFile; fileRef = D825C2FF29977F9B00451898 /* ImageGridView.swift */; };
		D825C3022997812800451898 /* ImageGridItemView.swift in Sources */ = {isa = PBXBuildFile; fileRef = D825C3012997812800451898 /* ImageGridItemView.swift */; };
		D825C3042997860100451898 /* ColumnStepper.swift in Sources */ = {isa = PBXBuildFile; fileRef = D825C3032997860100451898 /* ColumnStepper.swift */; };
		D825C3062997865000451898 /* ImageDetailView.swift in Sources */ = {isa = PBXBuildFile; fileRef = D825C3052997865000451898 /* ImageDetailView.swift */; };
		D825C3082997869D00451898 /* PhotoPicker.swift in Sources */ = {isa = PBXBuildFile; fileRef = D825C3072997869D00451898 /* PhotoPicker.swift */; };
		D825C320299787F500451898 /* groundSquirrel.jpg in Resources */ = {isa = PBXBuildFile; fileRef = D825C30A299787F500451898 /* groundSquirrel.jpg */; };
		D825C321299787F500451898 /* yellowBelliedMarmot.jpg in Resources */ = {isa = PBXBuildFile; fileRef = D825C30B299787F500451898 /* yellowBelliedMarmot.jpg */; };
		D825C322299787F500451898 /* bullTuleElkAndTwoFemales.jpg in Resources */ = {isa = PBXBuildFile; fileRef = D825C30C299787F500451898 /* bullTuleElkAndTwoFemales.jpg */; };
		D825C323299787F500451898 /* soaringTheRainbow.jpg in Resources */ = {isa = PBXBuildFile; fileRef = D825C30D299787F500451898 /* soaringTheRainbow.jpg */; };
		D825C324299787F500451898 /* harborSealPup.jpg in Resources */ = {isa = PBXBuildFile; fileRef = D825C30E299787F500451898 /* harborSealPup.jpg */; };
		D825C325299787F500451898 /* grizzlyCubs.jpg in Resources */ = {isa = PBXBuildFile; fileRef = D825C30F299787F500451898 /* grizzlyCubs.jpg */; };
		D825C326299787F500451898 /* redTailedHawk.jpg in Resources */ = {isa = PBXBuildFile; fileRef = D825C310299787F500451898 /* redTailedHawk.jpg */; };
		D825C327299787F500451898 /* doubleRainbowLowerMammoth.jpg in Resources */ = {isa = PBXBuildFile; fileRef = D825C311299787F500451898 /* doubleRainbowLowerMammoth.jpg */; };
		D825C328299787F500451898 /* newGrowthOfAntlers.jpg in Resources */ = {isa = PBXBuildFile; fileRef = D825C312299787F500451898 /* newGrowthOfAntlers.jpg */; };
		D825C329299787F500451898 /* harborSeal.jpg in Resources */ = {isa = PBXBuildFile; fileRef = D825C313299787F500451898 /* harborSeal.jpg */; };
		D825C32A299787F500451898 /* sunriseAtGrottoGeyser.jpg in Resources */ = {isa = PBXBuildFile; fileRef = D825C314299787F500451898 /* sunriseAtGrottoGeyser.jpg */; };
		D825C32B299787F500451898 /* owlsAtMammoth.jpg in Resources */ = {isa = PBXBuildFile; fileRef = D825C315299787F500451898 /* owlsAtMammoth.jpg */; };
		D825C32C299787F500451898 /* heartSpring.jpg in Resources */ = {isa = PBXBuildFile; fileRef = D825C316299787F500451898 /* heartSpring.jpg */; };
		D825C32D299787F500451898 /* bobcat.jpg in Resources */ = {isa = PBXBuildFile; fileRef = D825C317299787F500451898 /* bobcat.jpg */; };
		D825C32E299787F500451898 /* doubleRainbowYellowstone.jpg in Resources */ = {isa = PBXBuildFile; fileRef = D825C318299787F500451898 /* doubleRainbowYellowstone.jpg */; };
		D825C32F299787F500451898 /* bullElk.jpg in Resources */ = {isa = PBXBuildFile; fileRef = D825C319299787F500451898 /* bullElk.jpg */; };
		D825C330299787F500451898 /* coyoteAndBison.jpg in Resources */ = {isa = PBXBuildFile; fileRef = D825C31A299787F500451898 /* coyoteAndBison.jpg */; };
		D825C331299787F500451898 /* riverOtter.jpg in Resources */ = {isa = PBXBuildFile; fileRef = D825C31B299787F500451898 /* riverOtter.jpg */; };
		D825C332299787F500451898 /* bullElkSparring.jpg in Resources */ = {isa = PBXBuildFile; fileRef = D825C31C299787F500451898 /* bullElkSparring.jpg */; };
		D825C333299787F500451898 /* grizzly.jpg in Resources */ = {isa = PBXBuildFile; fileRef = D825C31D299787F500451898 /* grizzly.jpg */; };
		D825C334299787F500451898 /* towerCreekBASIN.jpg in Resources */ = {isa = PBXBuildFile; fileRef = D825C31E299787F500451898 /* towerCreekBASIN.jpg */; };
		D825C335299787F500451898 /* rainbowAndBadlands.jpg in Resources */ = {isa = PBXBuildFile; fileRef = D825C31F299787F500451898 /* rainbowAndBadlands.jpg */; };
		D825C33A299789CD00451898 /* LayingOutContentView.swift in Sources */ = {isa = PBXBuildFile; fileRef = D825C339299789CD00451898 /* LayingOutContentView.swift */; };
		D825C33D29978BD300451898 /* ColorExtension.swift in Sources */ = {isa = PBXBuildFile; fileRef = D825C33C29978BD300451898 /* ColorExtension.swift */; };
		D825C3402997AD9A00451898 /* StackView.swift in Sources */ = {isa = PBXBuildFile; fileRef = D825C33F2997AD9A00451898 /* StackView.swift */; };
		D84471CB2997F7AA002A89BD /* SizingView.swift in Sources */ = {isa = PBXBuildFile; fileRef = D84471CA2997F7AA002A89BD /* SizingView.swift */; };
		D84471CD2998914A002A89BD /* AlignmentView.swift in Sources */ = {isa = PBXBuildFile; fileRef = D84471CC2998914A002A89BD /* AlignmentView.swift */; };
		D84471CF29989CCD002A89BD /* DebuggingView.swift in Sources */ = {isa = PBXBuildFile; fileRef = D84471CE29989CCD002A89BD /* DebuggingView.swift */; };
		D84471D42998AF5F002A89BD /* PandaMemeContentView.swift in Sources */ = {isa = PBXBuildFile; fileRef = D84471D32998AF5F002A89BD /* PandaMemeContentView.swift */; };
		D84471D62998AFBD002A89BD /* PandaCollectionFetcher.swift in Sources */ = {isa = PBXBuildFile; fileRef = D84471D52998AFBD002A89BD /* PandaCollectionFetcher.swift */; };
		D84471D82998AFE8002A89BD /* MemeCreator.swift in Sources */ = {isa = PBXBuildFile; fileRef = D84471D72998AFE8002A89BD /* MemeCreator.swift */; };
		D84471DA2998B0F6002A89BD /* Panda.swift in Sources */ = {isa = PBXBuildFile; fileRef = D84471D92998B0F6002A89BD /* Panda.swift */; };
		D84471DC2998B958002A89BD /* LoadableImage.swift in Sources */ = {isa = PBXBuildFile; fileRef = D84471DB2998B958002A89BD /* LoadableImage.swift */; };
/* End PBXBuildFile section */

/* Begin PBXFileReference section */
		D825C2972994B1F200451898 /* SampleApps.app */ = {isa = PBXFileReference; explicitFileType = wrapper.application; includeInIndex = 0; path = SampleApps.app; sourceTree = BUILT_PRODUCTS_DIR; };
		D825C29A2994B1F200451898 /* SampleAppsApp.swift */ = {isa = PBXFileReference; lastKnownFileType = sourcecode.swift; path = SampleAppsApp.swift; sourceTree = "<group>"; };
		D825C29C2994B1F200451898 /* AboutMeContentView.swift */ = {isa = PBXFileReference; lastKnownFileType = sourcecode.swift; path = AboutMeContentView.swift; sourceTree = "<group>"; };
		D825C29E2994B1F300451898 /* Assets.xcassets */ = {isa = PBXFileReference; lastKnownFileType = folder.assetcatalog; path = Assets.xcassets; sourceTree = "<group>"; };
		D825C2A12994B1F300451898 /* Preview Assets.xcassets */ = {isa = PBXFileReference; lastKnownFileType = folder.assetcatalog; path = "Preview Assets.xcassets"; sourceTree = "<group>"; };
		D825C2B42994D12B00451898 /* AboutMeInfo.swift */ = {isa = PBXFileReference; fileEncoding = 4; lastKnownFileType = sourcecode.swift; path = AboutMeInfo.swift; sourceTree = "<group>"; };
		D825C2B52994D12B00451898 /* FavoritesView.swift */ = {isa = PBXFileReference; fileEncoding = 4; lastKnownFileType = sourcecode.swift; path = FavoritesView.swift; sourceTree = "<group>"; };
		D825C2B62994D12B00451898 /* FunFactsView.swift */ = {isa = PBXFileReference; fileEncoding = 4; lastKnownFileType = sourcecode.swift; path = FunFactsView.swift; sourceTree = "<group>"; };
		D825C2B72994D12B00451898 /* HomeView.swift */ = {isa = PBXFileReference; fileEncoding = 4; lastKnownFileType = sourcecode.swift; path = HomeView.swift; sourceTree = "<group>"; };
		D825C2B82994D12B00451898 /* StoryView.swift */ = {isa = PBXFileReference; fileEncoding = 4; lastKnownFileType = sourcecode.swift; path = StoryView.swift; sourceTree = "<group>"; };
		D825C2BF2994D40600451898 /* MyStoryContentView.swift */ = {isa = PBXFileReference; lastKnownFileType = sourcecode.swift; path = MyStoryContentView.swift; sourceTree = "<group>"; };
		D825C2C12994D5AE00451898 /* MyStory.swift */ = {isa = PBXFileReference; lastKnownFileType = sourcecode.swift; path = MyStory.swift; sourceTree = "<group>"; };
		D825C2C32994D82100451898 /* Story.swift */ = {isa = PBXFileReference; lastKnownFileType = sourcecode.swift; path = Story.swift; sourceTree = "<group>"; };
		D825C2C72994DDF000451898 /* StoryPageView.swift */ = {isa = PBXFileReference; lastKnownFileType = sourcecode.swift; path = StoryPageView.swift; sourceTree = "<group>"; };
		D825C2CA299543BF00451898 /* DatePlannerContentView.swift */ = {isa = PBXFileReference; lastKnownFileType = sourcecode.swift; path = DatePlannerContentView.swift; sourceTree = "<group>"; };
		D825C2CC29954C5D00451898 /* Event.swift */ = {isa = PBXFileReference; lastKnownFileType = sourcecode.swift; path = Event.swift; sourceTree = "<group>"; };
		D825C2CE299551B200451898 /* EventTask.swift */ = {isa = PBXFileReference; lastKnownFileType = sourcecode.swift; path = EventTask.swift; sourceTree = "<group>"; };
		D825C2D0299553C200451898 /* EventData.swift */ = {isa = PBXFileReference; lastKnownFileType = sourcecode.swift; path = EventData.swift; sourceTree = "<group>"; };
		D825C2D229955AC700451898 /* EventListView.swift */ = {isa = PBXFileReference; lastKnownFileType = sourcecode.swift; path = EventListView.swift; sourceTree = "<group>"; };
		D825C2D429955B2200451898 /* ColorOption.swift */ = {isa = PBXFileReference; fileEncoding = 4; lastKnownFileType = sourcecode.swift; path = ColorOption.swift; sourceTree = "<group>"; };
		D825C2D529955B2300451898 /* EventSymbols.swift */ = {isa = PBXFileReference; fileEncoding = 4; lastKnownFileType = sourcecode.swift; path = EventSymbols.swift; sourceTree = "<group>"; };
		D825C2D829955C0300451898 /* EventEditor.swift */ = {isa = PBXFileReference; fileEncoding = 4; lastKnownFileType = sourcecode.swift; path = EventEditor.swift; sourceTree = "<group>"; };
		D825C2DA29955C1700451898 /* EventDetail.swift */ = {isa = PBXFileReference; fileEncoding = 4; lastKnownFileType = sourcecode.swift; path = EventDetail.swift; sourceTree = "<group>"; };
		D825C2DC29955C3400451898 /* EventRow.swift */ = {isa = PBXFileReference; fileEncoding = 4; lastKnownFileType = sourcecode.swift; path = EventRow.swift; sourceTree = "<group>"; };
		D825C2DE29955C4800451898 /* SFSymbolStyling.swift */ = {isa = PBXFileReference; fileEncoding = 4; lastKnownFileType = sourcecode.swift; path = SFSymbolStyling.swift; sourceTree = "<group>"; };
		D825C2E029955C6500451898 /* TaskRow.swift */ = {isa = PBXFileReference; fileEncoding = 4; lastKnownFileType = sourcecode.swift; path = TaskRow.swift; sourceTree = "<group>"; };
		D825C2E229955C6C00451898 /* EventSymbolPicker.swift */ = {isa = PBXFileReference; fileEncoding = 4; lastKnownFileType = sourcecode.swift; path = EventSymbolPicker.swift; sourceTree = "<group>"; };
		D825C2E529960E9A00451898 /* ColorGridContentView.swift */ = {isa = PBXFileReference; lastKnownFileType = sourcecode.swift; path = ColorGridContentView.swift; sourceTree = "<group>"; };
		D825C2E829961A8A00451898 /* SymbolGridContentView.swift */ = {isa = PBXFileReference; lastKnownFileType = sourcecode.swift; path = SymbolGridContentView.swift; sourceTree = "<group>"; };
		D825C2EA29961ACB00451898 /* SymbolGrid.swift */ = {isa = PBXFileReference; lastKnownFileType = sourcecode.swift; path = SymbolGrid.swift; sourceTree = "<group>"; };
		D825C2EC29961C6100451898 /* Symbol.swift */ = {isa = PBXFileReference; lastKnownFileType = sourcecode.swift; path = Symbol.swift; sourceTree = "<group>"; };
		D825C2EE29961E5000451898 /* SymbolDetail.swift */ = {isa = PBXFileReference; lastKnownFileType = sourcecode.swift; path = SymbolDetail.swift; sourceTree = "<group>"; };
		D825C2F4299625BC00451898 /* SymbolPicker.swift */ = {isa = PBXFileReference; fileEncoding = 4; lastKnownFileType = sourcecode.swift; path = SymbolPicker.swift; sourceTree = "<group>"; };
		D825C2F72997749500451898 /* ImageGalleryContentView.swift */ = {isa = PBXFileReference; lastKnownFileType = sourcecode.swift; path = ImageGalleryContentView.swift; sourceTree = "<group>"; };
		D825C2F9299777CD00451898 /* ImageItem.swift */ = {isa = PBXFileReference; lastKnownFileType = sourcecode.swift; path = ImageItem.swift; sourceTree = "<group>"; };
		D825C2FB299778E300451898 /* ImageData.swift */ = {isa = PBXFileReference; lastKnownFileType = sourcecode.swift; path = ImageData.swift; sourceTree = "<group>"; };
		D825C2FD29977CB700451898 /* FileManagerExtensions.swift */ = {isa = PBXFileReference; lastKnownFileType = sourcecode.swift; path = FileManagerExtensions.swift; sourceTree = "<group>"; };
		D825C2FF29977F9B00451898 /* ImageGridView.swift */ = {isa = PBXFileReference; lastKnownFileType = sourcecode.swift; path = ImageGridView.swift; sourceTree = "<group>"; };
		D825C3012997812800451898 /* ImageGridItemView.swift */ = {isa = PBXFileReference; lastKnownFileType = sourcecode.swift; path = ImageGridItemView.swift; sourceTree = "<group>"; };
		D825C3032997860100451898 /* ColumnStepper.swift */ = {isa = PBXFileReference; fileEncoding = 4; lastKnownFileType = sourcecode.swift; path = ColumnStepper.swift; sourceTree = "<group>"; };
		D825C3052997865000451898 /* ImageDetailView.swift */ = {isa = PBXFileReference; fileEncoding = 4; lastKnownFileType = sourcecode.swift; path = ImageDetailView.swift; sourceTree = "<group>"; };
		D825C3072997869D00451898 /* PhotoPicker.swift */ = {isa = PBXFileReference; fileEncoding = 4; lastKnownFileType = sourcecode.swift; path = PhotoPicker.swift; sourceTree = "<group>"; };
		D825C30A299787F500451898 /* groundSquirrel.jpg */ = {isa = PBXFileReference; lastKnownFileType = image.jpeg; path = groundSquirrel.jpg; sourceTree = "<group>"; };
		D825C30B299787F500451898 /* yellowBelliedMarmot.jpg */ = {isa = PBXFileReference; lastKnownFileType = image.jpeg; path = yellowBelliedMarmot.jpg; sourceTree = "<group>"; };
		D825C30C299787F500451898 /* bullTuleElkAndTwoFemales.jpg */ = {isa = PBXFileReference; lastKnownFileType = image.jpeg; path = bullTuleElkAndTwoFemales.jpg; sourceTree = "<group>"; };
		D825C30D299787F500451898 /* soaringTheRainbow.jpg */ = {isa = PBXFileReference; lastKnownFileType = image.jpeg; path = soaringTheRainbow.jpg; sourceTree = "<group>"; };
		D825C30E299787F500451898 /* harborSealPup.jpg */ = {isa = PBXFileReference; lastKnownFileType = image.jpeg; path = harborSealPup.jpg; sourceTree = "<group>"; };
		D825C30F299787F500451898 /* grizzlyCubs.jpg */ = {isa = PBXFileReference; lastKnownFileType = image.jpeg; path = grizzlyCubs.jpg; sourceTree = "<group>"; };
		D825C310299787F500451898 /* redTailedHawk.jpg */ = {isa = PBXFileReference; lastKnownFileType = image.jpeg; path = redTailedHawk.jpg; sourceTree = "<group>"; };
		D825C311299787F500451898 /* doubleRainbowLowerMammoth.jpg */ = {isa = PBXFileReference; lastKnownFileType = image.jpeg; path = doubleRainbowLowerMammoth.jpg; sourceTree = "<group>"; };
		D825C312299787F500451898 /* newGrowthOfAntlers.jpg */ = {isa = PBXFileReference; lastKnownFileType = image.jpeg; path = newGrowthOfAntlers.jpg; sourceTree = "<group>"; };
		D825C313299787F500451898 /* harborSeal.jpg */ = {isa = PBXFileReference; lastKnownFileType = image.jpeg; path = harborSeal.jpg; sourceTree = "<group>"; };
		D825C314299787F500451898 /* sunriseAtGrottoGeyser.jpg */ = {isa = PBXFileReference; lastKnownFileType = image.jpeg; path = sunriseAtGrottoGeyser.jpg; sourceTree = "<group>"; };
		D825C315299787F500451898 /* owlsAtMammoth.jpg */ = {isa = PBXFileReference; lastKnownFileType = image.jpeg; path = owlsAtMammoth.jpg; sourceTree = "<group>"; };
		D825C316299787F500451898 /* heartSpring.jpg */ = {isa = PBXFileReference; lastKnownFileType = image.jpeg; path = heartSpring.jpg; sourceTree = "<group>"; };
		D825C317299787F500451898 /* bobcat.jpg */ = {isa = PBXFileReference; lastKnownFileType = image.jpeg; path = bobcat.jpg; sourceTree = "<group>"; };
		D825C318299787F500451898 /* doubleRainbowYellowstone.jpg */ = {isa = PBXFileReference; lastKnownFileType = image.jpeg; path = doubleRainbowYellowstone.jpg; sourceTree = "<group>"; };
		D825C319299787F500451898 /* bullElk.jpg */ = {isa = PBXFileReference; lastKnownFileType = image.jpeg; path = bullElk.jpg; sourceTree = "<group>"; };
		D825C31A299787F500451898 /* coyoteAndBison.jpg */ = {isa = PBXFileReference; lastKnownFileType = image.jpeg; path = coyoteAndBison.jpg; sourceTree = "<group>"; };
		D825C31B299787F500451898 /* riverOtter.jpg */ = {isa = PBXFileReference; lastKnownFileType = image.jpeg; path = riverOtter.jpg; sourceTree = "<group>"; };
		D825C31C299787F500451898 /* bullElkSparring.jpg */ = {isa = PBXFileReference; lastKnownFileType = image.jpeg; path = bullElkSparring.jpg; sourceTree = "<group>"; };
		D825C31D299787F500451898 /* grizzly.jpg */ = {isa = PBXFileReference; lastKnownFileType = image.jpeg; path = grizzly.jpg; sourceTree = "<group>"; };
		D825C31E299787F500451898 /* towerCreekBASIN.jpg */ = {isa = PBXFileReference; lastKnownFileType = image.jpeg; path = towerCreekBASIN.jpg; sourceTree = "<group>"; };
		D825C31F299787F500451898 /* rainbowAndBadlands.jpg */ = {isa = PBXFileReference; lastKnownFileType = image.jpeg; path = rainbowAndBadlands.jpg; sourceTree = "<group>"; };
		D825C339299789CD00451898 /* LayingOutContentView.swift */ = {isa = PBXFileReference; lastKnownFileType = sourcecode.swift; path = LayingOutContentView.swift; sourceTree = "<group>"; };
		D825C33C29978BD300451898 /* ColorExtension.swift */ = {isa = PBXFileReference; fileEncoding = 4; lastKnownFileType = sourcecode.swift; path = ColorExtension.swift; sourceTree = "<group>"; };
		D825C33F2997AD9A00451898 /* StackView.swift */ = {isa = PBXFileReference; lastKnownFileType = sourcecode.swift; path = StackView.swift; sourceTree = "<group>"; };
		D84471CA2997F7AA002A89BD /* SizingView.swift */ = {isa = PBXFileReference; lastKnownFileType = sourcecode.swift; path = SizingView.swift; sourceTree = "<group>"; };
		D84471CC2998914A002A89BD /* AlignmentView.swift */ = {isa = PBXFileReference; lastKnownFileType = sourcecode.swift; path = AlignmentView.swift; sourceTree = "<group>"; };
		D84471CE29989CCD002A89BD /* DebuggingView.swift */ = {isa = PBXFileReference; lastKnownFileType = sourcecode.swift; path = DebuggingView.swift; sourceTree = "<group>"; };
		D84471D32998AF5F002A89BD /* PandaMemeContentView.swift */ = {isa = PBXFileReference; lastKnownFileType = sourcecode.swift; path = PandaMemeContentView.swift; sourceTree = "<group>"; };
		D84471D52998AFBD002A89BD /* PandaCollectionFetcher.swift */ = {isa = PBXFileReference; lastKnownFileType = sourcecode.swift; path = PandaCollectionFetcher.swift; sourceTree = "<group>"; };
		D84471D72998AFE8002A89BD /* MemeCreator.swift */ = {isa = PBXFileReference; lastKnownFileType = sourcecode.swift; path = MemeCreator.swift; sourceTree = "<group>"; };
		D84471D92998B0F6002A89BD /* Panda.swift */ = {isa = PBXFileReference; lastKnownFileType = sourcecode.swift; path = Panda.swift; sourceTree = "<group>"; };
		D84471DB2998B958002A89BD /* LoadableImage.swift */ = {isa = PBXFileReference; lastKnownFileType = sourcecode.swift; path = LoadableImage.swift; sourceTree = "<group>"; };
/* End PBXFileReference section */

/* Begin PBXFrameworksBuildPhase section */
		D825C2942994B1F200451898 /* Frameworks */ = {
			isa = PBXFrameworksBuildPhase;
			buildActionMask = 2147483647;
			files = (
			);
			runOnlyForDeploymentPostprocessing = 0;
		};
/* End PBXFrameworksBuildPhase section */

/* Begin PBXGroup section */
		D825C28E2994B1F200451898 = {
			isa = PBXGroup;
			children = (
				D825C2992994B1F200451898 /* SampleApps */,
				D825C2982994B1F200451898 /* Products */,
			);
			sourceTree = "<group>";
		};
		D825C2982994B1F200451898 /* Products */ = {
			isa = PBXGroup;
			children = (
				D825C2972994B1F200451898 /* SampleApps.app */,
			);
			name = Products;
			sourceTree = "<group>";
		};
		D825C2992994B1F200451898 /* SampleApps */ = {
			isa = PBXGroup;
			children = (
				D825C29A2994B1F200451898 /* SampleAppsApp.swift */,
				D825C2B32994D0ED00451898 /* AboutMe */,
				D825C2BE2994D3E600451898 /* ChooseYourOwnStory */,
				D825C2C92995439F00451898 /* DatePlanner */,
				D825C2E429960E7C00451898 /* ColorGrid */,
				D825C2E729961A7400451898 /* SymbolGrid */,
				D825C2F62997747800451898 /* ImageGallery */,
				D825C3362997892A00451898 /* LayingOutViews */,
				D84471D22998AEE8002A89BD /* PandaMeme */,
				D825C29E2994B1F300451898 /* Assets.xcassets */,
				D825C2A02994B1F300451898 /* Preview Content */,
			);
			path = SampleApps;
			sourceTree = "<group>";
		};
		D825C2A02994B1F300451898 /* Preview Content */ = {
			isa = PBXGroup;
			children = (
				D825C2A12994B1F300451898 /* Preview Assets.xcassets */,
			);
			path = "Preview Content";
			sourceTree = "<group>";
		};
		D825C2B32994D0ED00451898 /* AboutMe */ = {
			isa = PBXGroup;
			children = (
				D825C2B42994D12B00451898 /* AboutMeInfo.swift */,
				D825C2B52994D12B00451898 /* FavoritesView.swift */,
				D825C2B62994D12B00451898 /* FunFactsView.swift */,
				D825C2B72994D12B00451898 /* HomeView.swift */,
				D825C2B82994D12B00451898 /* StoryView.swift */,
				D825C29C2994B1F200451898 /* AboutMeContentView.swift */,
			);
			path = AboutMe;
			sourceTree = "<group>";
		};
		D825C2BE2994D3E600451898 /* ChooseYourOwnStory */ = {
			isa = PBXGroup;
			children = (
				D825C2BF2994D40600451898 /* MyStoryContentView.swift */,
				D825C2C12994D5AE00451898 /* MyStory.swift */,
				D825C2C32994D82100451898 /* Story.swift */,
				D825C2C72994DDF000451898 /* StoryPageView.swift */,
			);
			path = ChooseYourOwnStory;
			sourceTree = "<group>";
		};
		D825C2C92995439F00451898 /* DatePlanner */ = {
			isa = PBXGroup;
			children = (
				D825C2E229955C6C00451898 /* EventSymbolPicker.swift */,
				D825C2E029955C6500451898 /* TaskRow.swift */,
				D825C2DE29955C4800451898 /* SFSymbolStyling.swift */,
				D825C2DC29955C3400451898 /* EventRow.swift */,
				D825C2DA29955C1700451898 /* EventDetail.swift */,
				D825C2D829955C0300451898 /* EventEditor.swift */,
				D825C2D429955B2200451898 /* ColorOption.swift */,
				D825C2D529955B2300451898 /* EventSymbols.swift */,
				D825C2CA299543BF00451898 /* DatePlannerContentView.swift */,
				D825C2CC29954C5D00451898 /* Event.swift */,
				D825C2CE299551B200451898 /* EventTask.swift */,
				D825C2D0299553C200451898 /* EventData.swift */,
				D825C2D229955AC700451898 /* EventListView.swift */,
			);
			path = DatePlanner;
			sourceTree = "<group>";
		};
		D825C2E429960E7C00451898 /* ColorGrid */ = {
			isa = PBXGroup;
			children = (
				D825C2E529960E9A00451898 /* ColorGridContentView.swift */,
			);
			path = ColorGrid;
			sourceTree = "<group>";
		};
		D825C2E729961A7400451898 /* SymbolGrid */ = {
			isa = PBXGroup;
			children = (
				D825C2F4299625BC00451898 /* SymbolPicker.swift */,
				D825C2E829961A8A00451898 /* SymbolGridContentView.swift */,
				D825C2EA29961ACB00451898 /* SymbolGrid.swift */,
				D825C2EC29961C6100451898 /* Symbol.swift */,
				D825C2EE29961E5000451898 /* SymbolDetail.swift */,
			);
			path = SymbolGrid;
			sourceTree = "<group>";
		};
		D825C2F62997747800451898 /* ImageGallery */ = {
			isa = PBXGroup;
			children = (
				D825C309299787F500451898 /* Resources */,
				D825C3052997865000451898 /* ImageDetailView.swift */,
				D825C3032997860100451898 /* ColumnStepper.swift */,
				D825C2F72997749500451898 /* ImageGalleryContentView.swift */,
				D825C2F9299777CD00451898 /* ImageItem.swift */,
				D825C2FB299778E300451898 /* ImageData.swift */,
				D825C2FD29977CB700451898 /* FileManagerExtensions.swift */,
				D825C2FF29977F9B00451898 /* ImageGridView.swift */,
				D825C3012997812800451898 /* ImageGridItemView.swift */,
				D825C3072997869D00451898 /* PhotoPicker.swift */,
			);
			path = ImageGallery;
			sourceTree = "<group>";
		};
		D825C309299787F500451898 /* Resources */ = {
			isa = PBXGroup;
			children = (
				D825C30A299787F500451898 /* groundSquirrel.jpg */,
				D825C30B299787F500451898 /* yellowBelliedMarmot.jpg */,
				D825C30C299787F500451898 /* bullTuleElkAndTwoFemales.jpg */,
				D825C30D299787F500451898 /* soaringTheRainbow.jpg */,
				D825C30E299787F500451898 /* harborSealPup.jpg */,
				D825C30F299787F500451898 /* grizzlyCubs.jpg */,
				D825C310299787F500451898 /* redTailedHawk.jpg */,
				D825C311299787F500451898 /* doubleRainbowLowerMammoth.jpg */,
				D825C312299787F500451898 /* newGrowthOfAntlers.jpg */,
				D825C313299787F500451898 /* harborSeal.jpg */,
				D825C314299787F500451898 /* sunriseAtGrottoGeyser.jpg */,
				D825C315299787F500451898 /* owlsAtMammoth.jpg */,
				D825C316299787F500451898 /* heartSpring.jpg */,
				D825C317299787F500451898 /* bobcat.jpg */,
				D825C318299787F500451898 /* doubleRainbowYellowstone.jpg */,
				D825C319299787F500451898 /* bullElk.jpg */,
				D825C31A299787F500451898 /* coyoteAndBison.jpg */,
				D825C31B299787F500451898 /* riverOtter.jpg */,
				D825C31C299787F500451898 /* bullElkSparring.jpg */,
				D825C31D299787F500451898 /* grizzly.jpg */,
				D825C31E299787F500451898 /* towerCreekBASIN.jpg */,
				D825C31F299787F500451898 /* rainbowAndBadlands.jpg */,
			);
			path = Resources;
			sourceTree = "<group>";
		};
		D825C3362997892A00451898 /* LayingOutViews */ = {
			isa = PBXGroup;
			children = (
				D825C33B29978BC800451898 /* Utils */,
				D825C339299789CD00451898 /* LayingOutContentView.swift */,
				D825C33F2997AD9A00451898 /* StackView.swift */,
				D84471CA2997F7AA002A89BD /* SizingView.swift */,
				D84471CC2998914A002A89BD /* AlignmentView.swift */,
				D84471CE29989CCD002A89BD /* DebuggingView.swift */,
			);
			path = LayingOutViews;
			sourceTree = "<group>";
		};
		D825C33B29978BC800451898 /* Utils */ = {
			isa = PBXGroup;
			children = (
				D825C33C29978BD300451898 /* ColorExtension.swift */,
			);
			path = Utils;
			sourceTree = "<group>";
		};
		D84471D22998AEE8002A89BD /* PandaMeme */ = {
			isa = PBXGroup;
			children = (
				D84471D32998AF5F002A89BD /* PandaMemeContentView.swift */,
				D84471D52998AFBD002A89BD /* PandaCollectionFetcher.swift */,
				D84471D72998AFE8002A89BD /* MemeCreator.swift */,
				D84471D92998B0F6002A89BD /* Panda.swift */,
				D84471DB2998B958002A89BD /* LoadableImage.swift */,
			);
			path = PandaMeme;
			sourceTree = "<group>";
		};
/* End PBXGroup section */

/* Begin PBXNativeTarget section */
		D825C2962994B1F200451898 /* SampleApps */ = {
			isa = PBXNativeTarget;
			buildConfigurationList = D825C2A52994B1F300451898 /* Build configuration list for PBXNativeTarget "SampleApps" */;
			buildPhases = (
				D825C2932994B1F200451898 /* Sources */,
				D825C2942994B1F200451898 /* Frameworks */,
				D825C2952994B1F200451898 /* Resources */,
			);
			buildRules = (
			);
			dependencies = (
			);
			name = SampleApps;
			productName = SampleApps;
			productReference = D825C2972994B1F200451898 /* SampleApps.app */;
			productType = "com.apple.product-type.application";
		};
/* End PBXNativeTarget section */

/* Begin PBXProject section */
		D825C28F2994B1F200451898 /* Project object */ = {
			isa = PBXProject;
			attributes = {
				BuildIndependentTargetsInParallel = 1;
				LastSwiftUpdateCheck = 1410;
				LastUpgradeCheck = 1410;
				TargetAttributes = {
					D825C2962994B1F200451898 = {
						CreatedOnToolsVersion = 14.1;
					};
				};
			};
			buildConfigurationList = D825C2922994B1F200451898 /* Build configuration list for PBXProject "SampleApps" */;
			compatibilityVersion = "Xcode 14.0";
			developmentRegion = en;
			hasScannedForEncodings = 0;
			knownRegions = (
				en,
				Base,
			);
			mainGroup = D825C28E2994B1F200451898;
			productRefGroup = D825C2982994B1F200451898 /* Products */;
			projectDirPath = "";
			projectRoot = "";
			targets = (
				D825C2962994B1F200451898 /* SampleApps */,
			);
		};
/* End PBXProject section */

/* Begin PBXResourcesBuildPhase section */
		D825C2952994B1F200451898 /* Resources */ = {
			isa = PBXResourcesBuildPhase;
			buildActionMask = 2147483647;
			files = (
				D825C323299787F500451898 /* soaringTheRainbow.jpg in Resources */,
				D825C320299787F500451898 /* groundSquirrel.jpg in Resources */,
				D825C32C299787F500451898 /* heartSpring.jpg in Resources */,
				D825C331299787F500451898 /* riverOtter.jpg in Resources */,
				D825C322299787F500451898 /* bullTuleElkAndTwoFemales.jpg in Resources */,
				D825C32D299787F500451898 /* bobcat.jpg in Resources */,
				D825C330299787F500451898 /* coyoteAndBison.jpg in Resources */,
				D825C332299787F500451898 /* bullElkSparring.jpg in Resources */,
				D825C32F299787F500451898 /* bullElk.jpg in Resources */,
				D825C32B299787F500451898 /* owlsAtMammoth.jpg in Resources */,
				D825C328299787F500451898 /* newGrowthOfAntlers.jpg in Resources */,
				D825C333299787F500451898 /* grizzly.jpg in Resources */,
				D825C32A299787F500451898 /* sunriseAtGrottoGeyser.jpg in Resources */,
				D825C334299787F500451898 /* towerCreekBASIN.jpg in Resources */,
				D825C326299787F500451898 /* redTailedHawk.jpg in Resources */,
				D825C2A22994B1F300451898 /* Preview Assets.xcassets in Resources */,
				D825C32E299787F500451898 /* doubleRainbowYellowstone.jpg in Resources */,
				D825C29F2994B1F300451898 /* Assets.xcassets in Resources */,
				D825C321299787F500451898 /* yellowBelliedMarmot.jpg in Resources */,
				D825C335299787F500451898 /* rainbowAndBadlands.jpg in Resources */,
				D825C329299787F500451898 /* harborSeal.jpg in Resources */,
				D825C327299787F500451898 /* doubleRainbowLowerMammoth.jpg in Resources */,
				D825C325299787F500451898 /* grizzlyCubs.jpg in Resources */,
				D825C324299787F500451898 /* harborSealPup.jpg in Resources */,
			);
			runOnlyForDeploymentPostprocessing = 0;
		};
/* End PBXResourcesBuildPhase section */

/* Begin PBXSourcesBuildPhase section */
		D825C2932994B1F200451898 /* Sources */ = {
			isa = PBXSourcesBuildPhase;
			buildActionMask = 2147483647;
			files = (
				D825C2E129955C6500451898 /* TaskRow.swift in Sources */,
				D825C2BA2994D12B00451898 /* FavoritesView.swift in Sources */,
				D825C2CF299551B200451898 /* EventTask.swift in Sources */,
				D825C2D1299553C200451898 /* EventData.swift in Sources */,
				D84471D62998AFBD002A89BD /* PandaCollectionFetcher.swift in Sources */,
				D825C2C02994D40600451898 /* MyStoryContentView.swift in Sources */,
				D825C2DD29955C3400451898 /* EventRow.swift in Sources */,
				D84471CF29989CCD002A89BD /* DebuggingView.swift in Sources */,
				D84471CB2997F7AA002A89BD /* SizingView.swift in Sources */,
				D825C2E929961A8A00451898 /* SymbolGridContentView.swift in Sources */,
				D825C2D629955B2300451898 /* ColorOption.swift in Sources */,
				D825C2BB2994D12B00451898 /* FunFactsView.swift in Sources */,
				D825C2CB299543BF00451898 /* DatePlannerContentView.swift in Sources */,
				D825C2E329955C6C00451898 /* EventSymbolPicker.swift in Sources */,
				D825C29D2994B1F200451898 /* AboutMeContentView.swift in Sources */,
				D825C2D329955AC700451898 /* EventListView.swift in Sources */,
				D825C2F82997749500451898 /* ImageGalleryContentView.swift in Sources */,
				D825C2C82994DDF000451898 /* StoryPageView.swift in Sources */,
				D825C2BD2994D12B00451898 /* StoryView.swift in Sources */,
				D825C2BC2994D12B00451898 /* HomeView.swift in Sources */,
				D84471DA2998B0F6002A89BD /* Panda.swift in Sources */,
				D825C2FC299778E300451898 /* ImageData.swift in Sources */,
				D825C2B92994D12B00451898 /* AboutMeInfo.swift in Sources */,
				D84471CD2998914A002A89BD /* AlignmentView.swift in Sources */,
				D825C2DB29955C1700451898 /* EventDetail.swift in Sources */,
				D825C29B2994B1F200451898 /* SampleAppsApp.swift in Sources */,
				D825C33D29978BD300451898 /* ColorExtension.swift in Sources */,
				D825C2E629960E9A00451898 /* ColorGridContentView.swift in Sources */,
				D825C2D729955B2300451898 /* EventSymbols.swift in Sources */,
				D84471DC2998B958002A89BD /* LoadableImage.swift in Sources */,
				D825C33A299789CD00451898 /* LayingOutContentView.swift in Sources */,
				D825C3082997869D00451898 /* PhotoPicker.swift in Sources */,
				D84471D42998AF5F002A89BD /* PandaMemeContentView.swift in Sources */,
				D825C2F5299625BC00451898 /* SymbolPicker.swift in Sources */,
				D84471D82998AFE8002A89BD /* MemeCreator.swift in Sources */,
				D825C2C22994D5AE00451898 /* MyStory.swift in Sources */,
				D825C30029977F9B00451898 /* ImageGridView.swift in Sources */,
				D825C3402997AD9A00451898 /* StackView.swift in Sources */,
				D825C2EF29961E5000451898 /* SymbolDetail.swift in Sources */,
				D825C2D929955C0300451898 /* EventEditor.swift in Sources */,
				D825C2FE29977CB700451898 /* FileManagerExtensions.swift in Sources */,
				D825C3042997860100451898 /* ColumnStepper.swift in Sources */,
				D825C3022997812800451898 /* ImageGridItemView.swift in Sources */,
				D825C2C42994D82100451898 /* Story.swift in Sources */,
				D825C2CD29954C5D00451898 /* Event.swift in Sources */,
				D825C2FA299777CD00451898 /* ImageItem.swift in Sources */,
				D825C2ED29961C6100451898 /* Symbol.swift in Sources */,
				D825C3062997865000451898 /* ImageDetailView.swift in Sources */,
				D825C2DF29955C4800451898 /* SFSymbolStyling.swift in Sources */,
				D825C2EB29961ACB00451898 /* SymbolGrid.swift in Sources */,
			);
			runOnlyForDeploymentPostprocessing = 0;
		};
/* End PBXSourcesBuildPhase section */

/* Begin XCBuildConfiguration section */
		D825C2A32994B1F300451898 /* Debug */ = {
			isa = XCBuildConfiguration;
			buildSettings = {
				ALWAYS_SEARCH_USER_PATHS = NO;
				CLANG_ANALYZER_NONNULL = YES;
				CLANG_ANALYZER_NUMBER_OBJECT_CONVERSION = YES_AGGRESSIVE;
				CLANG_CXX_LANGUAGE_STANDARD = "gnu++20";
				CLANG_ENABLE_MODULES = YES;
				CLANG_ENABLE_OBJC_ARC = YES;
				CLANG_ENABLE_OBJC_WEAK = YES;
				CLANG_WARN_BLOCK_CAPTURE_AUTORELEASING = YES;
				CLANG_WARN_BOOL_CONVERSION = YES;
				CLANG_WARN_COMMA = YES;
				CLANG_WARN_CONSTANT_CONVERSION = YES;
				CLANG_WARN_DEPRECATED_OBJC_IMPLEMENTATIONS = YES;
				CLANG_WARN_DIRECT_OBJC_ISA_USAGE = YES_ERROR;
				CLANG_WARN_DOCUMENTATION_COMMENTS = YES;
				CLANG_WARN_EMPTY_BODY = YES;
				CLANG_WARN_ENUM_CONVERSION = YES;
				CLANG_WARN_INFINITE_RECURSION = YES;
				CLANG_WARN_INT_CONVERSION = YES;
				CLANG_WARN_NON_LITERAL_NULL_CONVERSION = YES;
				CLANG_WARN_OBJC_IMPLICIT_RETAIN_SELF = YES;
				CLANG_WARN_OBJC_LITERAL_CONVERSION = YES;
				CLANG_WARN_OBJC_ROOT_CLASS = YES_ERROR;
				CLANG_WARN_QUOTED_INCLUDE_IN_FRAMEWORK_HEADER = YES;
				CLANG_WARN_RANGE_LOOP_ANALYSIS = YES;
				CLANG_WARN_STRICT_PROTOTYPES = YES;
				CLANG_WARN_SUSPICIOUS_MOVE = YES;
				CLANG_WARN_UNGUARDED_AVAILABILITY = YES_AGGRESSIVE;
				CLANG_WARN_UNREACHABLE_CODE = YES;
				CLANG_WARN__DUPLICATE_METHOD_MATCH = YES;
				COPY_PHASE_STRIP = NO;
				DEBUG_INFORMATION_FORMAT = dwarf;
				ENABLE_STRICT_OBJC_MSGSEND = YES;
				ENABLE_TESTABILITY = YES;
				GCC_C_LANGUAGE_STANDARD = gnu11;
				GCC_DYNAMIC_NO_PIC = NO;
				GCC_NO_COMMON_BLOCKS = YES;
				GCC_OPTIMIZATION_LEVEL = 0;
				GCC_PREPROCESSOR_DEFINITIONS = (
					"DEBUG=1",
					"$(inherited)",
				);
				GCC_WARN_64_TO_32_BIT_CONVERSION = YES;
				GCC_WARN_ABOUT_RETURN_TYPE = YES_ERROR;
				GCC_WARN_UNDECLARED_SELECTOR = YES;
				GCC_WARN_UNINITIALIZED_AUTOS = YES_AGGRESSIVE;
				GCC_WARN_UNUSED_FUNCTION = YES;
				GCC_WARN_UNUSED_VARIABLE = YES;
				IPHONEOS_DEPLOYMENT_TARGET = 16.1;
				MTL_ENABLE_DEBUG_INFO = INCLUDE_SOURCE;
				MTL_FAST_MATH = YES;
				ONLY_ACTIVE_ARCH = YES;
				SDKROOT = iphoneos;
				SWIFT_ACTIVE_COMPILATION_CONDITIONS = DEBUG;
				SWIFT_OPTIMIZATION_LEVEL = "-Onone";
			};
			name = Debug;
		};
		D825C2A42994B1F300451898 /* Release */ = {
			isa = XCBuildConfiguration;
			buildSettings = {
				ALWAYS_SEARCH_USER_PATHS = NO;
				CLANG_ANALYZER_NONNULL = YES;
				CLANG_ANALYZER_NUMBER_OBJECT_CONVERSION = YES_AGGRESSIVE;
				CLANG_CXX_LANGUAGE_STANDARD = "gnu++20";
				CLANG_ENABLE_MODULES = YES;
				CLANG_ENABLE_OBJC_ARC = YES;
				CLANG_ENABLE_OBJC_WEAK = YES;
				CLANG_WARN_BLOCK_CAPTURE_AUTORELEASING = YES;
				CLANG_WARN_BOOL_CONVERSION = YES;
				CLANG_WARN_COMMA = YES;
				CLANG_WARN_CONSTANT_CONVERSION = YES;
				CLANG_WARN_DEPRECATED_OBJC_IMPLEMENTATIONS = YES;
				CLANG_WARN_DIRECT_OBJC_ISA_USAGE = YES_ERROR;
				CLANG_WARN_DOCUMENTATION_COMMENTS = YES;
				CLANG_WARN_EMPTY_BODY = YES;
				CLANG_WARN_ENUM_CONVERSION = YES;
				CLANG_WARN_INFINITE_RECURSION = YES;
				CLANG_WARN_INT_CONVERSION = YES;
				CLANG_WARN_NON_LITERAL_NULL_CONVERSION = YES;
				CLANG_WARN_OBJC_IMPLICIT_RETAIN_SELF = YES;
				CLANG_WARN_OBJC_LITERAL_CONVERSION = YES;
				CLANG_WARN_OBJC_ROOT_CLASS = YES_ERROR;
				CLANG_WARN_QUOTED_INCLUDE_IN_FRAMEWORK_HEADER = YES;
				CLANG_WARN_RANGE_LOOP_ANALYSIS = YES;
				CLANG_WARN_STRICT_PROTOTYPES = YES;
				CLANG_WARN_SUSPICIOUS_MOVE = YES;
				CLANG_WARN_UNGUARDED_AVAILABILITY = YES_AGGRESSIVE;
				CLANG_WARN_UNREACHABLE_CODE = YES;
				CLANG_WARN__DUPLICATE_METHOD_MATCH = YES;
				COPY_PHASE_STRIP = NO;
				DEBUG_INFORMATION_FORMAT = "dwarf-with-dsym";
				ENABLE_NS_ASSERTIONS = NO;
				ENABLE_STRICT_OBJC_MSGSEND = YES;
				GCC_C_LANGUAGE_STANDARD = gnu11;
				GCC_NO_COMMON_BLOCKS = YES;
				GCC_WARN_64_TO_32_BIT_CONVERSION = YES;
				GCC_WARN_ABOUT_RETURN_TYPE = YES_ERROR;
				GCC_WARN_UNDECLARED_SELECTOR = YES;
				GCC_WARN_UNINITIALIZED_AUTOS = YES_AGGRESSIVE;
				GCC_WARN_UNUSED_FUNCTION = YES;
				GCC_WARN_UNUSED_VARIABLE = YES;
				IPHONEOS_DEPLOYMENT_TARGET = 16.1;
				MTL_ENABLE_DEBUG_INFO = NO;
				MTL_FAST_MATH = YES;
				SDKROOT = iphoneos;
				SWIFT_COMPILATION_MODE = wholemodule;
				SWIFT_OPTIMIZATION_LEVEL = "-O";
				VALIDATE_PRODUCT = YES;
			};
			name = Release;
		};
		D825C2A62994B1F300451898 /* Debug */ = {
			isa = XCBuildConfiguration;
			buildSettings = {
				ASSETCATALOG_COMPILER_APPICON_NAME = AppIcon;
				ASSETCATALOG_COMPILER_GLOBAL_ACCENT_COLOR_NAME = AccentColor;
				CODE_SIGN_STYLE = Automatic;
				CURRENT_PROJECT_VERSION = 1;
				DEVELOPMENT_ASSET_PATHS = "\"SampleApps/Preview Content\"";
				DEVELOPMENT_TEAM = Q9UQ8U75N8;
				ENABLE_PREVIEWS = YES;
				GENERATE_INFOPLIST_FILE = YES;
				INFOPLIST_KEY_UIApplicationSceneManifest_Generation = YES;
				INFOPLIST_KEY_UIApplicationSupportsIndirectInputEvents = YES;
				INFOPLIST_KEY_UILaunchScreen_Generation = YES;
				INFOPLIST_KEY_UISupportedInterfaceOrientations_iPad = "UIInterfaceOrientationPortrait UIInterfaceOrientationPortraitUpsideDown UIInterfaceOrientationLandscapeLeft UIInterfaceOrientationLandscapeRight";
				INFOPLIST_KEY_UISupportedInterfaceOrientations_iPhone = "UIInterfaceOrientationPortrait UIInterfaceOrientationLandscapeLeft UIInterfaceOrientationLandscapeRight";
				LD_RUNPATH_SEARCH_PATHS = (
					"$(inherited)",
					"@executable_path/Frameworks",
				);
				MARKETING_VERSION = 1.0;
				PRODUCT_BUNDLE_IDENTIFIER = com.dodor.SampleApps;
				PRODUCT_NAME = "$(TARGET_NAME)";
				SWIFT_EMIT_LOC_STRINGS = YES;
				SWIFT_VERSION = 5.0;
				TARGETED_DEVICE_FAMILY = "1,2";
			};
			name = Debug;
		};
		D825C2A72994B1F300451898 /* Release */ = {
			isa = XCBuildConfiguration;
			buildSettings = {
				ASSETCATALOG_COMPILER_APPICON_NAME = AppIcon;
				ASSETCATALOG_COMPILER_GLOBAL_ACCENT_COLOR_NAME = AccentColor;
				CODE_SIGN_STYLE = Automatic;
				CURRENT_PROJECT_VERSION = 1;
				DEVELOPMENT_ASSET_PATHS = "\"SampleApps/Preview Content\"";
				DEVELOPMENT_TEAM = Q9UQ8U75N8;
				ENABLE_PREVIEWS = YES;
				GENERATE_INFOPLIST_FILE = YES;
				INFOPLIST_KEY_UIApplicationSceneManifest_Generation = YES;
				INFOPLIST_KEY_UIApplicationSupportsIndirectInputEvents = YES;
				INFOPLIST_KEY_UILaunchScreen_Generation = YES;
				INFOPLIST_KEY_UISupportedInterfaceOrientations_iPad = "UIInterfaceOrientationPortrait UIInterfaceOrientationPortraitUpsideDown UIInterfaceOrientationLandscapeLeft UIInterfaceOrientationLandscapeRight";
				INFOPLIST_KEY_UISupportedInterfaceOrientations_iPhone = "UIInterfaceOrientationPortrait UIInterfaceOrientationLandscapeLeft UIInterfaceOrientationLandscapeRight";
				LD_RUNPATH_SEARCH_PATHS = (
					"$(inherited)",
					"@executable_path/Frameworks",
				);
				MARKETING_VERSION = 1.0;
				PRODUCT_BUNDLE_IDENTIFIER = com.dodor.SampleApps;
				PRODUCT_NAME = "$(TARGET_NAME)";
				SWIFT_EMIT_LOC_STRINGS = YES;
				SWIFT_VERSION = 5.0;
				TARGETED_DEVICE_FAMILY = "1,2";
			};
			name = Release;
		};
/* End XCBuildConfiguration section */

/* Begin XCConfigurationList section */
		D825C2922994B1F200451898 /* Build configuration list for PBXProject "SampleApps" */ = {
			isa = XCConfigurationList;
			buildConfigurations = (
				D825C2A32994B1F300451898 /* Debug */,
				D825C2A42994B1F300451898 /* Release */,
			);
			defaultConfigurationIsVisible = 0;
			defaultConfigurationName = Release;
		};
		D825C2A52994B1F300451898 /* Build configuration list for PBXNativeTarget "SampleApps" */ = {
			isa = XCConfigurationList;
			buildConfigurations = (
				D825C2A62994B1F300451898 /* Debug */,
				D825C2A72994B1F300451898 /* Release */,
			);
			defaultConfigurationIsVisible = 0;
			defaultConfigurationName = Release;
		};
/* End XCConfigurationList section */
	};
	rootObject = D825C28F2994B1F200451898 /* Project object */;
}
